// !$*UTF8*$!
{
	archiveVersion = 1;
	classes = {
	};
	objectVersion = 46;
	objects = {

/* Begin PBXBuildFile section */
		9986D4771F363BD30086FD71 /* AppDelegate.swift in Sources */ = {isa = PBXBuildFile; fileRef = 9986D4761F363BD30086FD71 /* AppDelegate.swift */; };
		9986D47E1F363BD30086FD71 /* Assets.xcassets in Resources */ = {isa = PBXBuildFile; fileRef = 9986D47D1F363BD30086FD71 /* Assets.xcassets */; };
		9986D4811F363BD30086FD71 /* LaunchScreen.storyboard in Resources */ = {isa = PBXBuildFile; fileRef = 9986D47F1F363BD30086FD71 /* LaunchScreen.storyboard */; };
		9986D4891F363C2E0086FD71 /* ViewControllerA.swift in Sources */ = {isa = PBXBuildFile; fileRef = 9986D4881F363C2E0086FD71 /* ViewControllerA.swift */; };
		9986D48B1F363C3B0086FD71 /* ViewControllerB.swift in Sources */ = {isa = PBXBuildFile; fileRef = 9986D48A1F363C3B0086FD71 /* ViewControllerB.swift */; };
/* End PBXBuildFile section */

/* Begin PBXFileReference section */
		9986D4731F363BD30086FD71 /* PresentHalfModal.app */ = {isa = PBXFileReference; explicitFileType = wrapper.application; includeInIndex = 0; path = PresentHalfModal.app; sourceTree = BUILT_PRODUCTS_DIR; };
		9986D4761F363BD30086FD71 /* AppDelegate.swift */ = {isa = PBXFileReference; lastKnownFileType = sourcecode.swift; path = AppDelegate.swift; sourceTree = "<group>"; };
		9986D47D1F363BD30086FD71 /* Assets.xcassets */ = {isa = PBXFileReference; lastKnownFileType = folder.assetcatalog; path = Assets.xcassets; sourceTree = "<group>"; };
		9986D4801F363BD30086FD71 /* Base */ = {isa = PBXFileReference; lastKnownFileType = file.storyboard; name = Base; path = Base.lproj/LaunchScreen.storyboard; sourceTree = "<group>"; };
		9986D4821F363BD30086FD71 /* Info.plist */ = {isa = PBXFileReference; lastKnownFileType = text.plist.xml; path = Info.plist; sourceTree = "<group>"; };
		9986D4881F363C2E0086FD71 /* ViewControllerA.swift */ = {isa = PBXFileReference; fileEncoding = 4; lastKnownFileType = sourcecode.swift; path = ViewControllerA.swift; sourceTree = "<group>"; };
		9986D48A1F363C3B0086FD71 /* ViewControllerB.swift */ = {isa = PBXFileReference; fileEncoding = 4; lastKnownFileType = sourcecode.swift; path = ViewControllerB.swift; sourceTree = "<group>"; };
/* End PBXFileReference section */

/* Begin PBXFrameworksBuildPhase section */
		9986D4701F363BD30086FD71 /* Frameworks */ = {
			isa = PBXFrameworksBuildPhase;
			buildActionMask = 2147483647;
			files = (
			);
			runOnlyForDeploymentPostprocessing = 0;
		};
/* End PBXFrameworksBuildPhase section */

/* Begin PBXGroup section */
		9986D46A1F363BD20086FD71 = {
			isa = PBXGroup;
			children = (
				9986D4751F363BD30086FD71 /* PresentHalfModal */,
				9986D4741F363BD30086FD71 /* Products */,
			);
			sourceTree = "<group>";
		};
		9986D4741F363BD30086FD71 /* Products */ = {
			isa = PBXGroup;
			children = (
				9986D4731F363BD30086FD71 /* PresentHalfModal.app */,
			);
			name = Products;
			sourceTree = "<group>";
		};
		9986D4751F363BD30086FD71 /* PresentHalfModal */ = {
			isa = PBXGroup;
			children = (
				9986D4761F363BD30086FD71 /* AppDelegate.swift */,
				9986D47D1F363BD30086FD71 /* Assets.xcassets */,
				9986D47F1F363BD30086FD71 /* LaunchScreen.storyboard */,
				9986D4821F363BD30086FD71 /* Info.plist */,
				9986D4881F363C2E0086FD71 /* ViewControllerA.swift */,
				9986D48A1F363C3B0086FD71 /* ViewControllerB.swift */,
			);
			path = PresentHalfModal;
			sourceTree = "<group>";
		};
/* End PBXGroup section */

/* Begin PBXNativeTarget section */
		9986D4721F363BD30086FD71 /* PresentHalfModal */ = {
			isa = PBXNativeTarget;
			buildConfigurationList = 9986D4851F363BD30086FD71 /* Build configuration list for PBXNativeTarget "PresentHalfModal" */;
			buildPhases = (
				9986D46F1F363BD30086FD71 /* Sources */,
				9986D4701F363BD30086FD71 /* Frameworks */,
				9986D4711F363BD30086FD71 /* Resources */,
			);
			buildRules = (
			);
			dependencies = (
			);
			name = PresentHalfModal;
			productName = PresentHalfModal;
			productReference = 9986D4731F363BD30086FD71 /* PresentHalfModal.app */;
			productType = "com.apple.product-type.application";
		};
/* End PBXNativeTarget section */

/* Begin PBXProject section */
		9986D46B1F363BD20086FD71 /* Project object */ = {
			isa = PBXProject;
			attributes = {
				LastSwiftUpdateCheck = 0830;
				LastUpgradeCheck = 0830;
				ORGANIZATIONNAME = fantageek;
				TargetAttributes = {
					9986D4721F363BD30086FD71 = {
						CreatedOnToolsVersion = 8.3.2;
						DevelopmentTeam = 555LCL8R2S;
						ProvisioningStyle = Automatic;
					};
				};
			};
			buildConfigurationList = 9986D46E1F363BD20086FD71 /* Build configuration list for PBXProject "PresentHalfModal" */;
			compatibilityVersion = "Xcode 3.2";
			developmentRegion = English;
			hasScannedForEncodings = 0;
			knownRegions = (
				en,
				Base,
			);
			mainGroup = 9986D46A1F363BD20086FD71;
			productRefGroup = 9986D4741F363BD30086FD71 /* Products */;
			projectDirPath = "";
			projectRoot = "";
			targets = (
				9986D4721F363BD30086FD71 /* PresentHalfModal */,
			);
		};
/* End PBXProject section */

/* Begin PBXResourcesBuildPhase section */
		9986D4711F363BD30086FD71 /* Resources */ = {
			isa = PBXResourcesBuildPhase;
			buildActionMask = 2147483647;
			files = (
				9986D4811F363BD30086FD71 /* LaunchScreen.storyboard in Resources */,
				9986D47E1F363BD30086FD71 /* Assets.xcassets in Resources */,
			);
			runOnlyForDeploymentPostprocessing = 0;
		};
/* End PBXResourcesBuildPhase section */

/* Begin PBXSourcesBuildPhase section */
		9986D46F1F363BD30086FD71 /* Sources */ = {
			isa = PBXSourcesBuildPhase;
			buildActionMask = 2147483647;
			files = (
				9986D48B1F363C3B0086FD71 /* ViewControllerB.swift in Sources */,
				9986D4891F363C2E0086FD71 /* ViewControllerA.swift in Sources */,
				9986D4771F363BD30086FD71 /* AppDelegate.swift in Sources */,
			);
			runOnlyForDeploymentPostprocessing = 0;
		};
/* End PBXSourcesBuildPhase section */

/* Begin PBXVariantGroup section */
		9986D47F1F363BD30086FD71 /* LaunchScreen.storyboard */ = {
			isa = PBXVariantGroup;
			children = (
				9986D4801F363BD30086FD71 /* Base */,
			);
			name = LaunchScreen.storyboard;
			sourceTree = "<group>";
		};
/* End PBXVariantGroup section */

/* Begin XCBuildConfiguration section */
		9986D4831F363BD30086FD71 /* Debug */ = {
			isa = XCBuildConfiguration;
			buildSettings = {
				ALWAYS_SEARCH_USER_PATHS = NO;
				CLANG_ANALYZER_NONNULL = YES;
				CLANG_ANALYZER_NUMBER_OBJECT_CONVERSION = YES_AGGRESSIVE;
				CLANG_CXX_LANGUAGE_STANDARD = "gnu++0x";
				CLANG_CXX_LIBRARY = "libc++";
				CLANG_ENABLE_MODULES = YES;
				CLANG_ENABLE_OBJC_ARC = YES;
				CLANG_WARN_BOOL_CONVERSION = YES;
				CLANG_WARN_CONSTANT_CONVERSION = YES;
				CLANG_WARN_DIRECT_OBJC_ISA_USAGE = YES_ERROR;
				CLANG_WARN_DOCUMENTATION_COMMENTS = YES;
				CLANG_WARN_EMPTY_BODY = YES;
				CLANG_WARN_ENUM_CONVERSION = YES;
				CLANG_WARN_INFINITE_RECURSION = YES;
				CLANG_WARN_INT_CONVERSION = YES;
				CLANG_WARN_OBJC_ROOT_CLASS = YES_ERROR;
				CLANG_WARN_SUSPICIOUS_MOVE = YES;
				CLANG_WARN_UNREACHABLE_CODE = YES;
				CLANG_WARN__DUPLICATE_METHOD_MATCH = YES;
				"CODE_SIGN_IDENTITY[sdk=iphoneos*]" = "iPhone Developer";
				COPY_PHASE_STRIP = NO;
				DEBUG_INFORMATION_FORMAT = dwarf;
				ENABLE_STRICT_OBJC_MSGSEND = YES;
				ENABLE_TESTABILITY = YES;
				GCC_C_LANGUAGE_STANDARD = gnu99;
				GCC_DYNAMIC_NO_PIC = NO;
				GCC_NO_COMMON_BLOCKS = YES;
				GCC_OPTIMIZATION_LEVEL = 0;
				GCC_PREPROCESSOR_DEFINITIONS = (
					"DEBUG=1",
					"$(inherited)",
				);
				GCC_WARN_64_TO_32_BIT_CONVERSION = YES;
				GCC_WARN_ABOUT_RETURN_TYPE = YES_ERROR;
				GCC_WARN_UNDECLARED_SELECTOR = YES;
				GCC_WARN_UNINITIALIZED_AUTOS = YES_AGGRESSIVE;
				GCC_WARN_UNUSED_FUNCTION = YES;
				GCC_WARN_UNUSED_VARIABLE = YES;
				IPHONEOS_DEPLOYMENT_TARGET = 10.3;
				MTL_ENABLE_DEBUG_INFO = YES;
				ONLY_ACTIVE_ARCH = YES;
				SDKROOT = iphoneos;
				SWIFT_ACTIVE_COMPILATION_CONDITIONS = DEBUG;
				SWIFT_OPTIMIZATION_LEVEL = "-Onone";
			};
			name = Debug;
		};
		9986D4841F363BD30086FD71 /* Release */ = {
			isa = XCBuildConfiguration;
			buildSettings = {
				ALWAYS_SEARCH_USER_PATHS = NO;
				CLANG_ANALYZER_NONNULL = YES;
				CLANG_ANALYZER_NUMBER_OBJECT_CONVERSION = YES_AGGRESSIVE;
				CLANG_CXX_LANGUAGE_STANDARD = "gnu++0x";
				CLANG_CXX_LIBRARY = "libc++";
				CLANG_ENABLE_MODULES = YES;
				CLANG_ENABLE_OBJC_ARC = YES;
				CLANG_WARN_BOOL_CONVERSION = YES;
				CLANG_WARN_CONSTANT_CONVERSION = YES;
				CLANG_WARN_DIRECT_OBJC_ISA_USAGE = YES_ERROR;
				CLANG_WARN_DOCUMENTATION_COMMENTS = YES;
				CLANG_WARN_EMPTY_BODY = YES;
				CLANG_WARN_ENUM_CONVERSION = YES;
				CLANG_WARN_INFINITE_RECURSION = YES;
				CLANG_WARN_INT_CONVERSION = YES;
				CLANG_WARN_OBJC_ROOT_CLASS = YES_ERROR;
				CLANG_WARN_SUSPICIOUS_MOVE = YES;
				CLANG_WARN_UNREACHABLE_CODE = YES;
				CLANG_WARN__DUPLICATE_METHOD_MATCH = YES;
				"CODE_SIGN_IDENTITY[sdk=iphoneos*]" = "iPhone Developer";
				COPY_PHASE_STRIP = NO;
				DEBUG_INFORMATION_FORMAT = "dwarf-with-dsym";
				ENABLE_NS_ASSERTIONS = NO;
				ENABLE_STRICT_OBJC_MSGSEND = YES;
				GCC_C_LANGUAGE_STANDARD = gnu99;
				GCC_NO_COMMON_BLOCKS = YES;
				GCC_WARN_64_TO_32_BIT_CONVERSION = YES;
				GCC_WARN_ABOUT_RETURN_TYPE = YES_ERROR;
				GCC_WARN_UNDECLARED_SELECTOR = YES;
				GCC_WARN_UNINITIALIZED_AUTOS = YES_AGGRESSIVE;
				GCC_WARN_UNUSED_FUNCTION = YES;
				GCC_WARN_UNUSED_VARIABLE = YES;
				IPHONEOS_DEPLOYMENT_TARGET = 10.3;
				MTL_ENABLE_DEBUG_INFO = NO;
				SDKROOT = iphoneos;
				SWIFT_OPTIMIZATION_LEVEL = "-Owholemodule";
				VALIDATE_PRODUCT = YES;
			};
			name = Release;
		};
		9986D4861F363BD30086FD71 /* Debug */ = {
			isa = XCBuildConfiguration;
			buildSettings = {
				ASSETCATALOG_COMPILER_APPICON_NAME = AppIcon;
				DEVELOPMENT_TEAM = 555LCL8R2S;
				INFOPLIST_FILE = PresentHalfModal/Info.plist;
				LD_RUNPATH_SEARCH_PATHS = "$(inherited) @executable_path/Frameworks";
				PRODUCT_BUNDLE_IDENTIFIER = com.fantageek.PresentHalfModal;
				PRODUCT_NAME = "$(TARGET_NAME)";
				SWIFT_VERSION = 3.0;
			};
			name = Debug;
		};
		9986D4871F363BD30086FD71 /* Release */ = {
			isa = XCBuildConfiguration;
			buildSettings = {
				ASSETCATALOG_COMPILER_APPICON_NAME = AppIcon;
				DEVELOPMENT_TEAM = 555LCL8R2S;
				INFOPLIST_FILE = PresentHalfModal/Info.plist;
				LD_RUNPATH_SEARCH_PATHS = "$(inherited) @executable_path/Frameworks";
				PRODUCT_BUNDLE_IDENTIFIER = com.fantageek.PresentHalfModal;
				PRODUCT_NAME = "$(TARGET_NAME)";
				SWIFT_VERSION = 3.0;
			};
			name = Release;
		};
/* End XCBuildConfiguration section */

/* Begin XCConfigurationList section */
		9986D46E1F363BD20086FD71 /* Build configuration list for PBXProject "PresentHalfModal" */ = {
			isa = XCConfigurationList;
			buildConfigurations = (
				9986D4831F363BD30086FD71 /* Debug */,
				9986D4841F363BD30086FD71 /* Release */,
			);
			defaultConfigurationIsVisible = 0;
			defaultConfigurationName = Release;
		};
		9986D4851F363BD30086FD71 /* Build configuration list for PBXNativeTarget "PresentHalfModal" */ = {
			isa = XCConfigurationList;
			buildConfigurations = (
				9986D4861F363BD30086FD71 /* Debug */,
				9986D4871F363BD30086FD71 /* Release */,
			);
			defaultConfigurationIsVisible = 0;
		};
/* End XCConfigurationList section */
	};
	rootObject = 9986D46B1F363BD20086FD71 /* Project object */;
}
